
Microsoft Visual Studio Solution File, Format Version 12.00
# Visual Studio Version 16
VisualStudioVersion = 16.0.29020.237
MinimumVisualStudioVersion = 10.0.40219.1
Project("{9A19103F-16F7-4668-BE54-9A1E7A4F7556}") = "Delegates", "ConsoleApp1\Delegates.csproj", "{1D0336C1-784A-4D9F-A735-F1B73A1735CA}"
EndProject
Project("{9A19103F-16F7-4668-BE54-9A1E7A4F7556}") = "Threading", "Threading\Threading.csproj", "{636821A1-B0B5-4274-B93F-93A8CD0805FF}"
EndProject
Project("{9A19103F-16F7-4668-BE54-9A1E7A4F7556}") = "Sound", "Sound\Sound.csproj", "{3219E447-7BD9-43F4-8F78-36E055A95D7E}"
EndProject
Project("{9A19103F-16F7-4668-BE54-9A1E7A4F7556}") = "SoundClass", "SoundClass\SoundClass.csproj", "{5940E38C-814F-4D8F-AC13-5135CE063818}"
EndProject
Project("{9A19103F-16F7-4668-BE54-9A1E7A4F7556}") = "Filters", "Filters\Filters.csproj", "{BEC4EA44-FD16-435E-BC23-D3C9A9667518}"
EndProject
Project("{9A19103F-16F7-4668-BE54-9A1E7A4F7556}") = "Task", "Task\Task.csproj", "{0FA8E660-B149-45FA-8B41-8C01790BD462}"
EndProject
Project("{FAE04EC0-301F-11D3-BF4B-00C04F79EFBC}") = "Singleton", "Singleton\Singleton.csproj", "{048123FD-626D-4D1D-A5DD-21FD84FCE65E}"
EndProject
Global
	GlobalSection(SolutionConfigurationPlatforms) = preSolution
		Debug|Any CPU = Debug|Any CPU
		Release|Any CPU = Release|Any CPU
	EndGlobalSection
	GlobalSection(ProjectConfigurationPlatforms) = postSolution
		{1D0336C1-784A-4D9F-A735-F1B73A1735CA}.Debug|Any CPU.ActiveCfg = Debug|Any CPU
		{1D0336C1-784A-4D9F-A735-F1B73A1735CA}.Debug|Any CPU.Build.0 = Debug|Any CPU
		{1D0336C1-784A-4D9F-A735-F1B73A1735CA}.Release|Any CPU.ActiveCfg = Release|Any CPU
		{1D0336C1-784A-4D9F-A735-F1B73A1735CA}.Release|Any CPU.Build.0 = Release|Any CPU
		{636821A1-B0B5-4274-B93F-93A8CD0805FF}.Debug|Any CPU.ActiveCfg = Debug|Any CPU
		{636821A1-B0B5-4274-B93F-93A8CD0805FF}.Debug|Any CPU.Build.0 = Debug|Any CPU
		{636821A1-B0B5-4274-B93F-93A8CD0805FF}.Release|Any CPU.ActiveCfg = Release|Any CPU
		{636821A1-B0B5-4274-B93F-93A8CD0805FF}.Release|Any CPU.Build.0 = Release|Any CPU
		{3219E447-7BD9-43F4-8F78-36E055A95D7E}.Debug|Any CPU.ActiveCfg = Debug|Any CPU
		{3219E447-7BD9-43F4-8F78-36E055A95D7E}.Debug|Any CPU.Build.0 = Debug|Any CPU
		{3219E447-7BD9-43F4-8F78-36E055A95D7E}.Release|Any CPU.ActiveCfg = Release|Any CPU
		{3219E447-7BD9-43F4-8F78-36E055A95D7E}.Release|Any CPU.Build.0 = Release|Any CPU
		{5940E38C-814F-4D8F-AC13-5135CE063818}.Debug|Any CPU.ActiveCfg = Debug|Any CPU
		{5940E38C-814F-4D8F-AC13-5135CE063818}.Debug|Any CPU.Build.0 = Debug|Any CPU
		{5940E38C-814F-4D8F-AC13-5135CE063818}.Release|Any CPU.ActiveCfg = Release|Any CPU
		{5940E38C-814F-4D8F-AC13-5135CE063818}.Release|Any CPU.Build.0 = Release|Any CPU
		{BEC4EA44-FD16-435E-BC23-D3C9A9667518}.Debug|Any CPU.ActiveCfg = Debug|Any CPU
		{BEC4EA44-FD16-435E-BC23-D3C9A9667518}.Debug|Any CPU.Build.0 = Debug|Any CPU
		{BEC4EA44-FD16-435E-BC23-D3C9A9667518}.Release|Any CPU.ActiveCfg = Release|Any CPU
		{BEC4EA44-FD16-435E-BC23-D3C9A9667518}.Release|Any CPU.Build.0 = Release|Any CPU
		{0FA8E660-B149-45FA-8B41-8C01790BD462}.Debug|Any CPU.ActiveCfg = Debug|Any CPU
		{0FA8E660-B149-45FA-8B41-8C01790BD462}.Debug|Any CPU.Build.0 = Debug|Any CPU
		{0FA8E660-B149-45FA-8B41-8C01790BD462}.Release|Any CPU.ActiveCfg = Release|Any CPU
		{0FA8E660-B149-45FA-8B41-8C01790BD462}.Release|Any CPU.Build.0 = Release|Any CPU
		{048123FD-626D-4D1D-A5DD-21FD84FCE65E}.Debug|Any CPU.ActiveCfg = Debug|Any CPU
		{048123FD-626D-4D1D-A5DD-21FD84FCE65E}.Debug|Any CPU.Build.0 = Debug|Any CPU
		{048123FD-626D-4D1D-A5DD-21FD84FCE65E}.Release|Any CPU.ActiveCfg = Release|Any CPU
		{048123FD-626D-4D1D-A5DD-21FD84FCE65E}.Release|Any CPU.Build.0 = Release|Any CPU
	EndGlobalSection
	GlobalSection(SolutionProperties) = preSolution
		HideSolutionNode = FALSE
	EndGlobalSection
	GlobalSection(ExtensibilityGlobals) = postSolution
		SolutionGuid = {6D0E2F97-A819-4179-A065-459624848651}
	EndGlobalSection
EndGlobal
